# THIS IS AN AUTOGENERATED FILE. DO NOT EDIT THIS FILE DIRECTLY.
# yarn lockfile v1


"@rbxts/compiler-types@^2.1.0-types.1":
  "integrity" "sha512-+ztwutzuNivWsgsERiC7n5il4C5gfJUuGJUmXYRq8FwY4ye3aupRi9RocmyAHq6255sO7z+RM61AVbqx3llsLQ=="
  "resolved" "https://registry.npmjs.org/@rbxts/compiler-types/-/compiler-types-2.1.0-types.1.tgz"
  "version" "2.1.0-types.1"

"@rbxts/types@^1.0.703":
  "integrity" "sha512-Z7P2ma96gIHjib+nBPl+VZj9m5J/lVXk+VEwIHYrwgUy2P8qZGaEJjBM1XcU8xY6LHCVAq82v14Ke9ZCY9499g=="
  "resolved" "https://registry.npmjs.org/@rbxts/types/-/types-1.0.703.tgz"
  "version" "1.0.703"

"rbxts-transformer-fs@file:..":
  "resolved" "file:.."
  "version" "2.0.0-alpha.0"
  dependencies:
    "@roblox-ts/rojo-resolver" "^1.0.4"
    "chalk" "4.1.2"
    "typescript" "^4.9.4"
    "zod" "^3.21.4"
    "zod-validation-error" "^1.3.1"

"typescript@^5.1.6":
  "integrity" "sha512-zaWCozRZ6DLEWAWFrVDz1H6FVXzUSfTy5FUMWsQlU8Ym5JP9eO4xkTIROFCQvhQf61z6O/G6ugw3SgAnvvm+HA=="
  "resolved" "https://registry.npmjs.org/typescript/-/typescript-5.1.6.tgz"
  "version" "5.1.6"
